
Microsoft Visual Studio Solution File, Format Version 12.00
# Visual Studio Version 17
VisualStudioVersion = 17.3.32929.385
MinimumVisualStudioVersion = 10.0.40219.1
Project("{888888A0-9F3D-457C-B088-3A5042F75D52}") = "PythonMultiprocessing", "PythonMultiprocessing\PythonMultiprocessing.pyproj", "{50898EB2-8381-44BE-B167-B7FC550187AC}"
EndProject
Project("{888888A0-9F3D-457C-B088-3A5042F75D52}") = "FinishedPythonExamples", "FinishedPythonExamples\FinishedPythonExamples.pyproj", "{A40696AE-8933-4E3C-ADD0-2C7A3D012524}"
EndProject
Project("{FAE04EC0-301F-11D3-BF4B-00C04F79EFBC}") = "csharp_prime_parallel_loop", "FinishedCSharpExamples\csharp_prime_parallel_loop.csproj", "{E72E807C-BD9C-471A-B500-836B32234E18}"
EndProject
Global
	GlobalSection(SolutionConfigurationPlatforms) = preSolution
		Debug|Any CPU = Debug|Any CPU
		Release|Any CPU = Release|Any CPU
	EndGlobalSection
	GlobalSection(ProjectConfigurationPlatforms) = postSolution
		{50898EB2-8381-44BE-B167-B7FC550187AC}.Debug|Any CPU.ActiveCfg = Debug|Any CPU
		{50898EB2-8381-44BE-B167-B7FC550187AC}.Release|Any CPU.ActiveCfg = Release|Any CPU
		{A40696AE-8933-4E3C-ADD0-2C7A3D012524}.Debug|Any CPU.ActiveCfg = Debug|Any CPU
		{A40696AE-8933-4E3C-ADD0-2C7A3D012524}.Release|Any CPU.ActiveCfg = Release|Any CPU
		{E72E807C-BD9C-471A-B500-836B32234E18}.Debug|Any CPU.ActiveCfg = Debug|Any CPU
		{E72E807C-BD9C-471A-B500-836B32234E18}.Debug|Any CPU.Build.0 = Debug|Any CPU
		{E72E807C-BD9C-471A-B500-836B32234E18}.Release|Any CPU.ActiveCfg = Release|Any CPU
		{E72E807C-BD9C-471A-B500-836B32234E18}.Release|Any CPU.Build.0 = Release|Any CPU
	EndGlobalSection
	GlobalSection(SolutionProperties) = preSolution
		HideSolutionNode = FALSE
	EndGlobalSection
	GlobalSection(ExtensibilityGlobals) = postSolution
		SolutionGuid = {2A16E98E-CAE8-47A6-8D92-D2FC80CDF234}
	EndGlobalSection
EndGlobal
